
Microsoft Visual Studio Solution File, Format Version 12.00
# Visual Studio Version 16
VisualStudioVersion = 16.0.32602.291
MinimumVisualStudioVersion = 10.0.40219.1
Project("{FAE04EC0-301F-11D3-BF4B-00C04F79EFBC}") = "Vehicles", "Vehicles\Vehicles.csproj", "{5B35B505-508D-4270-A93B-FDF211A4D5B0}"
EndProject
Global
	GlobalSection(SolutionConfigurationPlatforms) = preSolution
		Debug|Any CPU = Debug|Any CPU
		Release|Any CPU = Release|Any CPU
	EndGlobalSection
	GlobalSection(ProjectConfigurationPlatforms) = postSolution
		{5B35B505-508D-4270-A93B-FDF211A4D5B0}.Debug|Any CPU.ActiveCfg = Debug|Any CPU
		{5B35B505-508D-4270-A93B-FDF211A4D5B0}.Debug|Any CPU.Build.0 = Debug|Any CPU
		{5B35B505-508D-4270-A93B-FDF211A4D5B0}.Release|Any CPU.ActiveCfg = Release|Any CPU
		{5B35B505-508D-4270-A93B-FDF211A4D5B0}.Release|Any CPU.Build.0 = Release|Any CPU
	EndGlobalSection
	GlobalSection(SolutionProperties) = preSolution
		HideSolutionNode = FALSE
	EndGlobalSection
	GlobalSection(ExtensibilityGlobals) = postSolution
		SolutionGuid = {13F751EE-C81D-45D7-85A7-ED8E578E4282}
	EndGlobalSection
EndGlobal
